{
  "version": 1,
  "dependencies": {
    "net9.0": {
      "AWSSDK.KeyManagementService": {
        "type": "Direct",
        "requested": "[4.0.0.1, )",
        "resolved": "4.0.0.1",
        "contentHash": "9A18Lk5wtzxVyaQSiOfP7VlupsuT3q2wdRamGFVLNVW01+Xmj7cPPfwcc5FMVAr6NFxZPklcURyjNKw0re/LYg==",
        "dependencies": {
          "AWSSDK.Core": "[4.0.0.2, 5.0.0)"
        }
      },
      "AWSSDK.SSO": {
        "type": "Direct",
        "requested": "[4.0.0.1, )",
        "resolved": "4.0.0.1",
        "contentHash": "VouRuiL6GLmQ5FGwM3jdO/s94oO2GkFK6fpC2oD8mDWYKdzc2E4rmtolJkmUQ8FQtYyU3bn56+Sar6SXW/EpCQ==",
        "dependencies": {
          "AWSSDK.Core": "[4.0.0.2, 5.0.0)"
        }
      },
      "AWSSDK.SSOOIDC": {
        "type": "Direct",
        "requested": "[4.0.0.1, )",
        "resolved": "4.0.0.1",
        "contentHash": "lLJPpVjHI/+PnCbG26FyydT7W5AbQVhE+KwY5mE0zsT78zVb+s1WyQXHhnM+U3fpzbdazO/Q0Isy3yHieF+2pA==",
        "dependencies": {
          "AWSSDK.Core": "[4.0.0.2, 5.0.0)"
        }
      },
      "Azure.Identity": {
        "type": "Direct",
        "requested": "[1.13.2, )",
        "resolved": "1.13.2",
        "contentHash": "CngQVQELdzFmsGSWyGIPIUOCrII7nApMVWxVmJCKQQrWxRXcNquCsZ+njRJRnhFUfD+KMAhpjyRCaceE4EOL6A==",
        "dependencies": {
          "Azure.Core": "1.44.1",
          "Microsoft.Identity.Client": "4.67.2",
          "Microsoft.Identity.Client.Extensions.Msal": "4.67.2",
          "System.Memory": "4.5.5",
          "System.Threading.Tasks.Extensions": "4.5.4"
        }
      },
      "Azure.Security.KeyVault.Keys": {
        "type": "Direct",
        "requested": "[4.7.0, )",
        "resolved": "4.7.0",
        "contentHash": "1JOyCLvSfYVtxVV6dmA4YP4kJd+u+PE41M27U1po8XlglRcW3YZhet/O90fkEbpmiuNka1XjM2qrT9A++izloQ==",
        "dependencies": {
          "Azure.Core": "1.44.1",
          "System.Memory": "4.5.5",
          "System.Text.Json": "6.0.10",
          "System.Threading.Tasks.Extensions": "4.5.4"
        }
      },
      "Microsoft.DotNet.ILCompiler": {
        "type": "Direct",
        "requested": "[9.0.4, )",
        "resolved": "9.0.4",
        "contentHash": "G85txKEuQ8s64BG9Pk3TbmE+cDgKReepnIPNfC1lNks4u2v5SkQhjCuuSAep+H2xtgFpYU7w9LFOF+vVtJZguA=="
      },
      "Microsoft.NET.ILLink.Tasks": {
        "type": "Direct",
        "requested": "[9.0.4, )",
        "resolved": "9.0.4",
        "contentHash": "xUdlUxiFwXhTYhB4VxKg/IA0+jlZXJPo70LYuMryWbJHdonIpZjw+7DO2B0pWwpXIOs6MlH5WVXPEtfrGEcVZA=="
      },
      "Octokit": {
        "type": "Direct",
        "requested": "[14.0.0, )",
        "resolved": "14.0.0",
        "contentHash": "jGOuTH1l+TCpJH+fwYOp7USzHDuGfN1jKbLz3J2COwyn+wL08eynvpnM6rY2qkzIEXum3PN2p2QkP3BW/p9Qcw=="
      },
      "System.CommandLine": {
        "type": "Direct",
        "requested": "[2.0.0-beta4.22272.1, )",
        "resolved": "2.0.0-beta4.22272.1",
        "contentHash": "1uqED/q2H0kKoLJ4+hI2iPSBSEdTuhfCYADeJrAqERmiGQ2NNacYKRNEQ+gFbU4glgVyK8rxI+ZOe1onEtr/Pg=="
      },
      "AWSSDK.Core": {
        "type": "Transitive",
        "resolved": "4.0.0.2",
        "contentHash": "vXDAkmIB8xMmtnWubDq/uZhpfTXKAHicnTQTJBjkjNvom7eaHf5r0OB3Be+cXzzcQl4O1UOOAYHyN436JSCUlA=="
      },
      "Azure.Core": {
        "type": "Transitive",
        "resolved": "1.44.1",
        "contentHash": "YyznXLQZCregzHvioip07/BkzjuWNXogJEVz9T5W6TwjNr17ax41YGzYMptlo2G10oLCuVPoyva62y0SIRDixg==",
        "dependencies": {
          "Microsoft.Bcl.AsyncInterfaces": "6.0.0",
          "System.ClientModel": "1.1.0",
          "System.Diagnostics.DiagnosticSource": "6.0.1",
          "System.Memory.Data": "6.0.0",
          "System.Numerics.Vectors": "4.5.0",
          "System.Text.Encodings.Web": "6.0.0",
          "System.Text.Json": "6.0.10",
          "System.Threading.Tasks.Extensions": "4.5.4"
        }
      },
      "Microsoft.Bcl.AsyncInterfaces": {
        "type": "Transitive",
        "resolved": "6.0.0",
        "contentHash": "UcSjPsst+DfAdJGVDsu346FX0ci0ah+lw3WRtn18NUwEqRt70HaOQ7lI72vy3+1LxtqI3T5GWwV39rQSrCzAeg=="
      },
      "Microsoft.Identity.Client": {
        "type": "Transitive",
        "resolved": "4.67.2",
        "contentHash": "37t0TfekfG6XM8kue/xNaA66Qjtti5Qe1xA41CK+bEd8VD76/oXJc+meFJHGzygIC485dCpKoamG/pDfb9Qd7Q==",
        "dependencies": {
          "Microsoft.IdentityModel.Abstractions": "6.35.0",
          "System.Diagnostics.DiagnosticSource": "6.0.1"
        }
      },
      "Microsoft.Identity.Client.Extensions.Msal": {
        "type": "Transitive",
        "resolved": "4.67.2",
        "contentHash": "DKs+Lva6csEUZabw+JkkjtFgVmcXh4pJeQy5KH5XzPOaKNoZhAMYj1qpKd97qYTZKXIFH12bHPk0DA+6krw+Cw==",
        "dependencies": {
          "Microsoft.Identity.Client": "4.67.2",
          "System.Security.Cryptography.ProtectedData": "4.5.0"
        }
      },
      "Microsoft.IdentityModel.Abstractions": {
        "type": "Transitive",
        "resolved": "6.35.0",
        "contentHash": "xuR8E4Rd96M41CnUSCiOJ2DBh+z+zQSmyrYHdYhD6K4fXBcQGVnRCFQ0efROUYpP+p0zC1BLKr0JRpVuujTZSg=="
      },
      "System.ClientModel": {
        "type": "Transitive",
        "resolved": "1.1.0",
        "contentHash": "UocOlCkxLZrG2CKMAAImPcldJTxeesHnHGHwhJ0pNlZEvEXcWKuQvVOER2/NiOkJGRJk978SNdw3j6/7O9H1lg==",
        "dependencies": {
          "System.Memory.Data": "1.0.2",
          "System.Text.Json": "6.0.9"
        }
      },
      "System.Diagnostics.DiagnosticSource": {
        "type": "Transitive",
        "resolved": "6.0.1",
        "contentHash": "KiLYDu2k2J82Q9BJpWiuQqCkFjRBWVq4jDzKKWawVi9KWzyD0XG3cmfX0vqTQlL14Wi9EufJrbL0+KCLTbqWiQ==",
        "dependencies": {
          "System.Runtime.CompilerServices.Unsafe": "6.0.0"
        }
      },
      "System.Memory": {
        "type": "Transitive",
        "resolved": "4.5.5",
        "contentHash": "XIWiDvKPXaTveaB7HVganDlOCRoj03l+jrwNvcge/t8vhGYKvqV+dMv6G4SAX2NoNmN0wZfVPTAlFwZcZvVOUw=="
      },
      "System.Memory.Data": {
        "type": "Transitive",
        "resolved": "6.0.0",
        "contentHash": "ntFHArH3I4Lpjf5m4DCXQHJuGwWPNVJPaAvM95Jy/u+2Yzt2ryiyIN04LAogkjP9DeRcEOiviAjQotfmPq/FrQ==",
        "dependencies": {
          "System.Text.Json": "6.0.0"
        }
      },
      "System.Numerics.Vectors": {
        "type": "Transitive",
        "resolved": "4.5.0",
        "contentHash": "QQTlPTl06J/iiDbJCiepZ4H//BVraReU4O4EoRw1U02H5TLUIT7xn3GnDp9AXPSlJUDyFs4uWjWafNX6WrAojQ=="
      },
      "System.Runtime.CompilerServices.Unsafe": {
        "type": "Transitive",
        "resolved": "6.0.0",
        "contentHash": "/iUeP3tq1S0XdNNoMz5C9twLSrM/TH+qElHkXWaPvuNOt+99G75NrV0OS2EqHx5wMN7popYjpc8oTjC1y16DLg=="
      },
      "System.Security.Cryptography.ProtectedData": {
        "type": "Transitive",
        "resolved": "4.5.0",
        "contentHash": "wLBKzFnDCxP12VL9ANydSYhk59fC4cvOr9ypYQLPnAj48NQIhqnjdD2yhP8yEKyBJEjERWS9DisKL7rX5eU25Q=="
      },
      "System.Text.Encodings.Web": {
        "type": "Transitive",
        "resolved": "6.0.0",
        "contentHash": "Vg8eB5Tawm1IFqj4TVK1czJX89rhFxJo9ELqc/Eiq0eXy13RK00eubyU6TJE6y+GQXjyV5gSfiewDUZjQgSE0w==",
        "dependencies": {
          "System.Runtime.CompilerServices.Unsafe": "6.0.0"
        }
      },
      "System.Text.Json": {
        "type": "Transitive",
        "resolved": "6.0.10",
        "contentHash": "NSB0kDipxn2ychp88NXWfFRFlmi1bst/xynOutbnpEfRCT9JZkZ7KOmF/I/hNKo2dILiMGnqblm+j1sggdLB9g==",
        "dependencies": {
          "System.Runtime.CompilerServices.Unsafe": "6.0.0",
          "System.Text.Encodings.Web": "6.0.0"
        }
      },
      "System.Threading.Tasks.Extensions": {
        "type": "Transitive",
        "resolved": "4.5.4",
        "contentHash": "zteT+G8xuGu6mS+mzDzYXbzS7rd3K6Fjb9RiZlYlJPam2/hU7JCBZBVEcywNuR+oZ1ncTvc/cq0faRr3P01OVg=="
      }
    },
    "net9.0/linux-x64": {
      "Microsoft.DotNet.ILCompiler": {
        "type": "Direct",
        "requested": "[9.0.4, )",
        "resolved": "9.0.4",
        "contentHash": "G85txKEuQ8s64BG9Pk3TbmE+cDgKReepnIPNfC1lNks4u2v5SkQhjCuuSAep+H2xtgFpYU7w9LFOF+vVtJZguA==",
        "dependencies": {
          "runtime.linux-x64.Microsoft.DotNet.ILCompiler": "9.0.4"
        }
      },
      "runtime.linux-x64.Microsoft.DotNet.ILCompiler": {
        "type": "Transitive",
        "resolved": "9.0.4",
        "contentHash": "IunB0CvtWbzEZ1M9Br3g39aRV2AMakOO3UcWEphLsBFFwRD4k7S3dzDxB4G3Q2TTo0pPwAgY3gC3XE0ZWZWUZw=="
      },
      "System.Security.Cryptography.ProtectedData": {
        "type": "Transitive",
        "resolved": "4.5.0",
        "contentHash": "wLBKzFnDCxP12VL9ANydSYhk59fC4cvOr9ypYQLPnAj48NQIhqnjdD2yhP8yEKyBJEjERWS9DisKL7rX5eU25Q=="
      },
      "System.Text.Encodings.Web": {
        "type": "Transitive",
        "resolved": "6.0.0",
        "contentHash": "Vg8eB5Tawm1IFqj4TVK1czJX89rhFxJo9ELqc/Eiq0eXy13RK00eubyU6TJE6y+GQXjyV5gSfiewDUZjQgSE0w==",
        "dependencies": {
          "System.Runtime.CompilerServices.Unsafe": "6.0.0"
        }
      }
    },
    "net9.0/osx-arm64": {
      "Microsoft.DotNet.ILCompiler": {
        "type": "Direct",
        "requested": "[9.0.4, )",
        "resolved": "9.0.4",
        "contentHash": "G85txKEuQ8s64BG9Pk3TbmE+cDgKReepnIPNfC1lNks4u2v5SkQhjCuuSAep+H2xtgFpYU7w9LFOF+vVtJZguA==",
        "dependencies": {
          "runtime.osx-arm64.Microsoft.DotNet.ILCompiler": "9.0.4"
        }
      },
      "runtime.osx-arm64.Microsoft.DotNet.ILCompiler": {
        "type": "Transitive",
        "resolved": "9.0.4",
        "contentHash": "SegDRwthCLQjonaRmnIKExZZw4oAPMTuCsXko79TNNogUbPUvbWtSLBHy6YMurzFnmksDjTuMgNcUvyeoOIGNA=="
      },
      "System.Security.Cryptography.ProtectedData": {
        "type": "Transitive",
        "resolved": "4.5.0",
        "contentHash": "wLBKzFnDCxP12VL9ANydSYhk59fC4cvOr9ypYQLPnAj48NQIhqnjdD2yhP8yEKyBJEjERWS9DisKL7rX5eU25Q=="
      },
      "System.Text.Encodings.Web": {
        "type": "Transitive",
        "resolved": "6.0.0",
        "contentHash": "Vg8eB5Tawm1IFqj4TVK1czJX89rhFxJo9ELqc/Eiq0eXy13RK00eubyU6TJE6y+GQXjyV5gSfiewDUZjQgSE0w==",
        "dependencies": {
          "System.Runtime.CompilerServices.Unsafe": "6.0.0"
        }
      }
    },
    "net9.0/win-x64": {
      "Microsoft.DotNet.ILCompiler": {
        "type": "Direct",
        "requested": "[9.0.4, )",
        "resolved": "9.0.4",
        "contentHash": "G85txKEuQ8s64BG9Pk3TbmE+cDgKReepnIPNfC1lNks4u2v5SkQhjCuuSAep+H2xtgFpYU7w9LFOF+vVtJZguA==",
        "dependencies": {
          "runtime.win-x64.Microsoft.DotNet.ILCompiler": "9.0.4"
        }
      },
      "runtime.win-x64.Microsoft.DotNet.ILCompiler": {
        "type": "Transitive",
        "resolved": "9.0.4",
        "contentHash": "eQR6TiScRMept4/YImwHmHiA0O10Fit6Tqm0n9LQFGVoCqoJn2uhhPEXTVV3W3kN/1+vtq6kc+pICxtH60gjaw=="
      },
      "System.Security.Cryptography.ProtectedData": {
        "type": "Transitive",
        "resolved": "4.5.0",
        "contentHash": "wLBKzFnDCxP12VL9ANydSYhk59fC4cvOr9ypYQLPnAj48NQIhqnjdD2yhP8yEKyBJEjERWS9DisKL7rX5eU25Q=="
      },
      "System.Text.Encodings.Web": {
        "type": "Transitive",
        "resolved": "6.0.0",
        "contentHash": "Vg8eB5Tawm1IFqj4TVK1czJX89rhFxJo9ELqc/Eiq0eXy13RK00eubyU6TJE6y+GQXjyV5gSfiewDUZjQgSE0w==",
        "dependencies": {
          "System.Runtime.CompilerServices.Unsafe": "6.0.0"
        }
      }
    }
  }
}